// !$*UTF8*$!
{
	archiveVersion = 1;
	classes = {
	};
	objectVersion = 46;
	objects = {

/* Begin PBXBuildFile section */
		9E4161641B61855D009A9D30 /* AppDelegate.swift in Sources */ = {isa = PBXBuildFile; fileRef = 9E4161631B61855D009A9D30 /* AppDelegate.swift */; };
		9E4161661B61855D009A9D30 /* MapViewController.swift in Sources */ = {isa = PBXBuildFile; fileRef = 9E4161651B61855D009A9D30 /* MapViewController.swift */; };
		9E4161681B61855D009A9D30 /* ListViewController.swift in Sources */ = {isa = PBXBuildFile; fileRef = 9E4161671B61855D009A9D30 /* ListViewController.swift */; };
		9E41616B1B61855D009A9D30 /* Main.storyboard in Resources */ = {isa = PBXBuildFile; fileRef = 9E4161691B61855D009A9D30 /* Main.storyboard */; };
		9E41616D1B61855D009A9D30 /* Images.xcassets in Resources */ = {isa = PBXBuildFile; fileRef = 9E41616C1B61855D009A9D30 /* Images.xcassets */; };
		9E4161701B61855D009A9D30 /* LaunchScreen.xib in Resources */ = {isa = PBXBuildFile; fileRef = 9E41616E1B61855D009A9D30 /* LaunchScreen.xib */; };
		9E41617C1B61855D009A9D30 /* OnTheMapTests.swift in Sources */ = {isa = PBXBuildFile; fileRef = 9E41617B1B61855D009A9D30 /* OnTheMapTests.swift */; };
		9E4161861B618A63009A9D30 /* LoginViewController.swift in Sources */ = {isa = PBXBuildFile; fileRef = 9E4161851B618A63009A9D30 /* LoginViewController.swift */; };
		9E4161881B6193F5009A9D30 /* InfoPostingProvideLocationViewController.swift in Sources */ = {isa = PBXBuildFile; fileRef = 9E4161871B6193F5009A9D30 /* InfoPostingProvideLocationViewController.swift */; };
		9E41618A1B619406009A9D30 /* InfoPostingMapViewController.swift in Sources */ = {isa = PBXBuildFile; fileRef = 9E4161891B619406009A9D30 /* InfoPostingMapViewController.swift */; };
		9E41618D1B62BCFA009A9D30 /* RESTClient.swift in Sources */ = {isa = PBXBuildFile; fileRef = 9E41618C1B62BCFA009A9D30 /* RESTClient.swift */; };
		9E41618F1B62BDEB009A9D30 /* RESTConstants.swift in Sources */ = {isa = PBXBuildFile; fileRef = 9E41618E1B62BDEB009A9D30 /* RESTConstants.swift */; };
		9E4161921B62CBD2009A9D30 /* RESTConvenience.swift in Sources */ = {isa = PBXBuildFile; fileRef = 9E4161911B62CBD2009A9D30 /* RESTConvenience.swift */; };
		9E923C9E1B6441DB00F2B0A7 /* StudentLocation.swift in Sources */ = {isa = PBXBuildFile; fileRef = 9E923C9D1B6441DB00F2B0A7 /* StudentLocation.swift */; };
		9E923CA01B65AE3A00F2B0A7 /* OTMError.swift in Sources */ = {isa = PBXBuildFile; fileRef = 9E923C9F1B65AE3A00F2B0A7 /* OTMError.swift */; };
		9E923CA31B65D3AE00F2B0A7 /* StudentLocations.swift in Sources */ = {isa = PBXBuildFile; fileRef = 9E923CA21B65D3AE00F2B0A7 /* StudentLocations.swift */; };
/* End PBXBuildFile section */

/* Begin PBXContainerItemProxy section */
		9E4161761B61855D009A9D30 /* PBXContainerItemProxy */ = {
			isa = PBXContainerItemProxy;
			containerPortal = 9E4161561B61855D009A9D30 /* Project object */;
			proxyType = 1;
			remoteGlobalIDString = 9E41615D1B61855D009A9D30;
			remoteInfo = OnTheMap;
		};
/* End PBXContainerItemProxy section */

/* Begin PBXFileReference section */
		9E41615E1B61855D009A9D30 /* OnTheMap.app */ = {isa = PBXFileReference; explicitFileType = wrapper.application; includeInIndex = 0; path = OnTheMap.app; sourceTree = BUILT_PRODUCTS_DIR; };
		9E4161621B61855D009A9D30 /* Info.plist */ = {isa = PBXFileReference; lastKnownFileType = text.plist.xml; path = Info.plist; sourceTree = "<group>"; };
		9E4161631B61855D009A9D30 /* AppDelegate.swift */ = {isa = PBXFileReference; lastKnownFileType = sourcecode.swift; path = AppDelegate.swift; sourceTree = "<group>"; };
		9E4161651B61855D009A9D30 /* MapViewController.swift */ = {isa = PBXFileReference; lastKnownFileType = sourcecode.swift; path = MapViewController.swift; sourceTree = "<group>"; };
		9E4161671B61855D009A9D30 /* ListViewController.swift */ = {isa = PBXFileReference; lastKnownFileType = sourcecode.swift; path = ListViewController.swift; sourceTree = "<group>"; };
		9E41616A1B61855D009A9D30 /* Base */ = {isa = PBXFileReference; lastKnownFileType = file.storyboard; name = Base; path = Base.lproj/Main.storyboard; sourceTree = "<group>"; };
		9E41616C1B61855D009A9D30 /* Images.xcassets */ = {isa = PBXFileReference; lastKnownFileType = folder.assetcatalog; path = Images.xcassets; sourceTree = "<group>"; };
		9E41616F1B61855D009A9D30 /* Base */ = {isa = PBXFileReference; lastKnownFileType = file.xib; name = Base; path = Base.lproj/LaunchScreen.xib; sourceTree = "<group>"; };
		9E4161751B61855D009A9D30 /* OnTheMapTests.xctest */ = {isa = PBXFileReference; explicitFileType = wrapper.cfbundle; includeInIndex = 0; path = OnTheMapTests.xctest; sourceTree = BUILT_PRODUCTS_DIR; };
		9E41617A1B61855D009A9D30 /* Info.plist */ = {isa = PBXFileReference; lastKnownFileType = text.plist.xml; path = Info.plist; sourceTree = "<group>"; };
		9E41617B1B61855D009A9D30 /* OnTheMapTests.swift */ = {isa = PBXFileReference; lastKnownFileType = sourcecode.swift; path = OnTheMapTests.swift; sourceTree = "<group>"; };
		9E4161851B618A63009A9D30 /* LoginViewController.swift */ = {isa = PBXFileReference; fileEncoding = 4; lastKnownFileType = sourcecode.swift; path = LoginViewController.swift; sourceTree = "<group>"; };
		9E4161871B6193F5009A9D30 /* InfoPostingProvideLocationViewController.swift */ = {isa = PBXFileReference; fileEncoding = 4; lastKnownFileType = sourcecode.swift; path = InfoPostingProvideLocationViewController.swift; sourceTree = "<group>"; };
		9E4161891B619406009A9D30 /* InfoPostingMapViewController.swift */ = {isa = PBXFileReference; fileEncoding = 4; lastKnownFileType = sourcecode.swift; path = InfoPostingMapViewController.swift; sourceTree = "<group>"; };
		9E41618C1B62BCFA009A9D30 /* RESTClient.swift */ = {isa = PBXFileReference; fileEncoding = 4; lastKnownFileType = sourcecode.swift; path = RESTClient.swift; sourceTree = "<group>"; };
		9E41618E1B62BDEB009A9D30 /* RESTConstants.swift */ = {isa = PBXFileReference; fileEncoding = 4; lastKnownFileType = sourcecode.swift; path = RESTConstants.swift; sourceTree = "<group>"; };
		9E4161911B62CBD2009A9D30 /* RESTConvenience.swift */ = {isa = PBXFileReference; fileEncoding = 4; lastKnownFileType = sourcecode.swift; path = RESTConvenience.swift; sourceTree = "<group>"; };
		9E923C9D1B6441DB00F2B0A7 /* StudentLocation.swift */ = {isa = PBXFileReference; fileEncoding = 4; lastKnownFileType = sourcecode.swift; path = StudentLocation.swift; sourceTree = "<group>"; };
		9E923C9F1B65AE3A00F2B0A7 /* OTMError.swift */ = {isa = PBXFileReference; fileEncoding = 4; lastKnownFileType = sourcecode.swift; path = OTMError.swift; sourceTree = "<group>"; };
		9E923CA21B65D3AE00F2B0A7 /* StudentLocations.swift */ = {isa = PBXFileReference; fileEncoding = 4; lastKnownFileType = sourcecode.swift; path = StudentLocations.swift; sourceTree = "<group>"; };
/* End PBXFileReference section */

/* Begin PBXFrameworksBuildPhase section */
		9E41615B1B61855D009A9D30 /* Frameworks */ = {
			isa = PBXFrameworksBuildPhase;
			buildActionMask = 2147483647;
			files = (
			);
			runOnlyForDeploymentPostprocessing = 0;
		};
		9E4161721B61855D009A9D30 /* Frameworks */ = {
			isa = PBXFrameworksBuildPhase;
			buildActionMask = 2147483647;
			files = (
			);
			runOnlyForDeploymentPostprocessing = 0;
		};
/* End PBXFrameworksBuildPhase section */

/* Begin PBXGroup section */
		9E4161551B61855D009A9D30 = {
			isa = PBXGroup;
			children = (
				9E4161601B61855D009A9D30 /* OnTheMap */,
				9E4161781B61855D009A9D30 /* OnTheMapTests */,
				9E41615F1B61855D009A9D30 /* Products */,
			);
			sourceTree = "<group>";
		};
		9E41615F1B61855D009A9D30 /* Products */ = {
			isa = PBXGroup;
			children = (
				9E41615E1B61855D009A9D30 /* OnTheMap.app */,
				9E4161751B61855D009A9D30 /* OnTheMapTests.xctest */,
			);
			name = Products;
			sourceTree = "<group>";
		};
		9E4161601B61855D009A9D30 /* OnTheMap */ = {
			isa = PBXGroup;
			children = (
				9E923CA41B65DDEE00F2B0A7 /* ViewControllers */,
				9E923CA11B65D38C00F2B0A7 /* Model */,
				9E4161901B62CBB3009A9D30 /* REST */,
				9E4161631B61855D009A9D30 /* AppDelegate.swift */,
				9E4161691B61855D009A9D30 /* Main.storyboard */,
				9E923C9F1B65AE3A00F2B0A7 /* OTMError.swift */,
				9E41616C1B61855D009A9D30 /* Images.xcassets */,
				9E41616E1B61855D009A9D30 /* LaunchScreen.xib */,
				9E4161611B61855D009A9D30 /* Supporting Files */,
			);
			path = OnTheMap;
			sourceTree = "<group>";
		};
		9E4161611B61855D009A9D30 /* Supporting Files */ = {
			isa = PBXGroup;
			children = (
				9E4161621B61855D009A9D30 /* Info.plist */,
			);
			name = "Supporting Files";
			sourceTree = "<group>";
		};
		9E4161781B61855D009A9D30 /* OnTheMapTests */ = {
			isa = PBXGroup;
			children = (
				9E41617B1B61855D009A9D30 /* OnTheMapTests.swift */,
				9E4161791B61855D009A9D30 /* Supporting Files */,
			);
			path = OnTheMapTests;
			sourceTree = "<group>";
		};
		9E4161791B61855D009A9D30 /* Supporting Files */ = {
			isa = PBXGroup;
			children = (
				9E41617A1B61855D009A9D30 /* Info.plist */,
			);
			name = "Supporting Files";
			sourceTree = "<group>";
		};
		9E4161901B62CBB3009A9D30 /* REST */ = {
			isa = PBXGroup;
			children = (
				9E41618C1B62BCFA009A9D30 /* RESTClient.swift */,
				9E41618E1B62BDEB009A9D30 /* RESTConstants.swift */,
				9E4161911B62CBD2009A9D30 /* RESTConvenience.swift */,
			);
			name = REST;
			sourceTree = "<group>";
		};
		9E923CA11B65D38C00F2B0A7 /* Model */ = {
			isa = PBXGroup;
			children = (
				9E923C9D1B6441DB00F2B0A7 /* StudentLocation.swift */,
				9E923CA21B65D3AE00F2B0A7 /* StudentLocations.swift */,
			);
			name = Model;
			sourceTree = "<group>";
		};
		9E923CA41B65DDEE00F2B0A7 /* ViewControllers */ = {
			isa = PBXGroup;
			children = (
				9E4161851B618A63009A9D30 /* LoginViewController.swift */,
				9E4161671B61855D009A9D30 /* ListViewController.swift */,
				9E4161651B61855D009A9D30 /* MapViewController.swift */,
				9E4161871B6193F5009A9D30 /* InfoPostingProvideLocationViewController.swift */,
				9E4161891B619406009A9D30 /* InfoPostingMapViewController.swift */,
			);
			name = ViewControllers;
			sourceTree = "<group>";
		};
/* End PBXGroup section */

/* Begin PBXNativeTarget section */
		9E41615D1B61855D009A9D30 /* OnTheMap */ = {
			isa = PBXNativeTarget;
			buildConfigurationList = 9E41617F1B61855D009A9D30 /* Build configuration list for PBXNativeTarget "OnTheMap" */;
			buildPhases = (
				9E41615A1B61855D009A9D30 /* Sources */,
				9E41615B1B61855D009A9D30 /* Frameworks */,
				9E41615C1B61855D009A9D30 /* Resources */,
			);
			buildRules = (
			);
			dependencies = (
			);
			name = OnTheMap;
			productName = OnTheMap;
			productReference = 9E41615E1B61855D009A9D30 /* OnTheMap.app */;
			productType = "com.apple.product-type.application";
		};
		9E4161741B61855D009A9D30 /* OnTheMapTests */ = {
			isa = PBXNativeTarget;
			buildConfigurationList = 9E4161821B61855D009A9D30 /* Build configuration list for PBXNativeTarget "OnTheMapTests" */;
			buildPhases = (
				9E4161711B61855D009A9D30 /* Sources */,
				9E4161721B61855D009A9D30 /* Frameworks */,
				9E4161731B61855D009A9D30 /* Resources */,
			);
			buildRules = (
			);
			dependencies = (
				9E4161771B61855D009A9D30 /* PBXTargetDependency */,
			);
			name = OnTheMapTests;
			productName = OnTheMapTests;
			productReference = 9E4161751B61855D009A9D30 /* OnTheMapTests.xctest */;
			productType = "com.apple.product-type.bundle.unit-test";
		};
/* End PBXNativeTarget section */

/* Begin PBXProject section */
		9E4161561B61855D009A9D30 /* Project object */ = {
			isa = PBXProject;
			attributes = {
				LastUpgradeCheck = 0640;
				ORGANIZATIONNAME = "John Bateman";
				TargetAttributes = {
					9E41615D1B61855D009A9D30 = {
						CreatedOnToolsVersion = 6.4;
						DevelopmentTeam = 4FP2V369XG;
					};
					9E4161741B61855D009A9D30 = {
						CreatedOnToolsVersion = 6.4;
						TestTargetID = 9E41615D1B61855D009A9D30;
					};
				};
			};
			buildConfigurationList = 9E4161591B61855D009A9D30 /* Build configuration list for PBXProject "OnTheMap" */;
			compatibilityVersion = "Xcode 3.2";
			developmentRegion = English;
			hasScannedForEncodings = 0;
			knownRegions = (
				en,
				Base,
			);
			mainGroup = 9E4161551B61855D009A9D30;
			productRefGroup = 9E41615F1B61855D009A9D30 /* Products */;
			projectDirPath = "";
			projectRoot = "";
			targets = (
				9E41615D1B61855D009A9D30 /* OnTheMap */,
				9E4161741B61855D009A9D30 /* OnTheMapTests */,
			);
		};
/* End PBXProject section */

/* Begin PBXResourcesBuildPhase section */
		9E41615C1B61855D009A9D30 /* Resources */ = {
			isa = PBXResourcesBuildPhase;
			buildActionMask = 2147483647;
			files = (
				9E41616B1B61855D009A9D30 /* Main.storyboard in Resources */,
				9E4161701B61855D009A9D30 /* LaunchScreen.xib in Resources */,
				9E41616D1B61855D009A9D30 /* Images.xcassets in Resources */,
			);
			runOnlyForDeploymentPostprocessing = 0;
		};
		9E4161731B61855D009A9D30 /* Resources */ = {
			isa = PBXResourcesBuildPhase;
			buildActionMask = 2147483647;
			files = (
			);
			runOnlyForDeploymentPostprocessing = 0;
		};
/* End PBXResourcesBuildPhase section */

/* Begin PBXSourcesBuildPhase section */
		9E41615A1B61855D009A9D30 /* Sources */ = {
			isa = PBXSourcesBuildPhase;
			buildActionMask = 2147483647;
			files = (
				9E41618A1B619406009A9D30 /* InfoPostingMapViewController.swift in Sources */,
				9E41618F1B62BDEB009A9D30 /* RESTConstants.swift in Sources */,
				9E4161921B62CBD2009A9D30 /* RESTConvenience.swift in Sources */,
				9E4161881B6193F5009A9D30 /* InfoPostingProvideLocationViewController.swift in Sources */,
				9E41618D1B62BCFA009A9D30 /* RESTClient.swift in Sources */,
				9E4161861B618A63009A9D30 /* LoginViewController.swift in Sources */,
				9E4161681B61855D009A9D30 /* ListViewController.swift in Sources */,
				9E4161641B61855D009A9D30 /* AppDelegate.swift in Sources */,
				9E923CA31B65D3AE00F2B0A7 /* StudentLocations.swift in Sources */,
				9E923C9E1B6441DB00F2B0A7 /* StudentLocation.swift in Sources */,
				9E923CA01B65AE3A00F2B0A7 /* OTMError.swift in Sources */,
				9E4161661B61855D009A9D30 /* MapViewController.swift in Sources */,
			);
			runOnlyForDeploymentPostprocessing = 0;
		};
		9E4161711B61855D009A9D30 /* Sources */ = {
			isa = PBXSourcesBuildPhase;
			buildActionMask = 2147483647;
			files = (
				9E41617C1B61855D009A9D30 /* OnTheMapTests.swift in Sources */,
			);
			runOnlyForDeploymentPostprocessing = 0;
		};
/* End PBXSourcesBuildPhase section */

/* Begin PBXTargetDependency section */
		9E4161771B61855D009A9D30 /* PBXTargetDependency */ = {
			isa = PBXTargetDependency;
			target = 9E41615D1B61855D009A9D30 /* OnTheMap */;
			targetProxy = 9E4161761B61855D009A9D30 /* PBXContainerItemProxy */;
		};
/* End PBXTargetDependency section */

/* Begin PBXVariantGroup section */
		9E4161691B61855D009A9D30 /* Main.storyboard */ = {
			isa = PBXVariantGroup;
			children = (
				9E41616A1B61855D009A9D30 /* Base */,
			);
			name = Main.storyboard;
			sourceTree = "<group>";
		};
		9E41616E1B61855D009A9D30 /* LaunchScreen.xib */ = {
			isa = PBXVariantGroup;
			children = (
				9E41616F1B61855D009A9D30 /* Base */,
			);
			name = LaunchScreen.xib;
			sourceTree = "<group>";
		};
/* End PBXVariantGroup section */

/* Begin XCBuildConfiguration section */
		9E41617D1B61855D009A9D30 /* Debug */ = {
			isa = XCBuildConfiguration;
			buildSettings = {
				ALWAYS_SEARCH_USER_PATHS = NO;
				CLANG_CXX_LANGUAGE_STANDARD = "gnu++0x";
				CLANG_CXX_LIBRARY = "libc++";
				CLANG_ENABLE_MODULES = YES;
				CLANG_ENABLE_OBJC_ARC = YES;
				CLANG_WARN_BOOL_CONVERSION = YES;
				CLANG_WARN_CONSTANT_CONVERSION = YES;
				CLANG_WARN_DIRECT_OBJC_ISA_USAGE = YES_ERROR;
				CLANG_WARN_EMPTY_BODY = YES;
				CLANG_WARN_ENUM_CONVERSION = YES;
				CLANG_WARN_INT_CONVERSION = YES;
				CLANG_WARN_OBJC_ROOT_CLASS = YES_ERROR;
				CLANG_WARN_UNREACHABLE_CODE = YES;
				CLANG_WARN__DUPLICATE_METHOD_MATCH = YES;
				"CODE_SIGN_IDENTITY[sdk=iphoneos*]" = "iPhone Developer";
				COPY_PHASE_STRIP = NO;
				DEBUG_INFORMATION_FORMAT = "dwarf-with-dsym";
				ENABLE_STRICT_OBJC_MSGSEND = YES;
				GCC_C_LANGUAGE_STANDARD = gnu99;
				GCC_DYNAMIC_NO_PIC = NO;
				GCC_NO_COMMON_BLOCKS = YES;
				GCC_OPTIMIZATION_LEVEL = 0;
				GCC_PREPROCESSOR_DEFINITIONS = (
					"DEBUG=1",
					"$(inherited)",
				);
				GCC_SYMBOLS_PRIVATE_EXTERN = NO;
				GCC_WARN_64_TO_32_BIT_CONVERSION = YES;
				GCC_WARN_ABOUT_RETURN_TYPE = YES_ERROR;
				GCC_WARN_UNDECLARED_SELECTOR = YES;
				GCC_WARN_UNINITIALIZED_AUTOS = YES_AGGRESSIVE;
				GCC_WARN_UNUSED_FUNCTION = YES;
				GCC_WARN_UNUSED_VARIABLE = YES;
				IPHONEOS_DEPLOYMENT_TARGET = 8.4;
				MTL_ENABLE_DEBUG_INFO = YES;
				ONLY_ACTIVE_ARCH = YES;
				SDKROOT = iphoneos;
				SWIFT_OPTIMIZATION_LEVEL = "-Onone";
			};
			name = Debug;
		};
		9E41617E1B61855D009A9D30 /* Release */ = {
			isa = XCBuildConfiguration;
			buildSettings = {
				ALWAYS_SEARCH_USER_PATHS = NO;
				CLANG_CXX_LANGUAGE_STANDARD = "gnu++0x";
				CLANG_CXX_LIBRARY = "libc++";
				CLANG_ENABLE_MODULES = YES;
				CLANG_ENABLE_OBJC_ARC = YES;
				CLANG_WARN_BOOL_CONVERSION = YES;
				CLANG_WARN_CONSTANT_CONVERSION = YES;
				CLANG_WARN_DIRECT_OBJC_ISA_USAGE = YES_ERROR;
				CLANG_WARN_EMPTY_BODY = YES;
				CLANG_WARN_ENUM_CONVERSION = YES;
				CLANG_WARN_INT_CONVERSION = YES;
				CLANG_WARN_OBJC_ROOT_CLASS = YES_ERROR;
				CLANG_WARN_UNREACHABLE_CODE = YES;
				CLANG_WARN__DUPLICATE_METHOD_MATCH = YES;
				"CODE_SIGN_IDENTITY[sdk=iphoneos*]" = "iPhone Developer";
				COPY_PHASE_STRIP = NO;
				DEBUG_INFORMATION_FORMAT = "dwarf-with-dsym";
				ENABLE_NS_ASSERTIONS = NO;
				ENABLE_STRICT_OBJC_MSGSEND = YES;
				GCC_C_LANGUAGE_STANDARD = gnu99;
				GCC_NO_COMMON_BLOCKS = YES;
				GCC_WARN_64_TO_32_BIT_CONVERSION = YES;
				GCC_WARN_ABOUT_RETURN_TYPE = YES_ERROR;
				GCC_WARN_UNDECLARED_SELECTOR = YES;
				GCC_WARN_UNINITIALIZED_AUTOS = YES_AGGRESSIVE;
				GCC_WARN_UNUSED_FUNCTION = YES;
				GCC_WARN_UNUSED_VARIABLE = YES;
				IPHONEOS_DEPLOYMENT_TARGET = 8.4;
				MTL_ENABLE_DEBUG_INFO = NO;
				SDKROOT = iphoneos;
				VALIDATE_PRODUCT = YES;
			};
			name = Release;
		};
		9E4161801B61855D009A9D30 /* Debug */ = {
			isa = XCBuildConfiguration;
			buildSettings = {
				ASSETCATALOG_COMPILER_APPICON_NAME = AppIcon;
				CODE_SIGN_IDENTITY = "iPhone Developer";
				INFOPLIST_FILE = OnTheMap/Info.plist;
				IPHONEOS_DEPLOYMENT_TARGET = 8.0;
				LD_RUNPATH_SEARCH_PATHS = "$(inherited) @executable_path/Frameworks";
				PRODUCT_NAME = "$(TARGET_NAME)";
			};
			name = Debug;
		};
		9E4161811B61855D009A9D30 /* Release */ = {
			isa = XCBuildConfiguration;
			buildSettings = {
				ASSETCATALOG_COMPILER_APPICON_NAME = AppIcon;
				CODE_SIGN_IDENTITY = "iPhone Developer";
				INFOPLIST_FILE = OnTheMap/Info.plist;
				IPHONEOS_DEPLOYMENT_TARGET = 8.0;
				LD_RUNPATH_SEARCH_PATHS = "$(inherited) @executable_path/Frameworks";
				PRODUCT_NAME = "$(TARGET_NAME)";
			};
			name = Release;
		};
		9E4161831B61855D009A9D30 /* Debug */ = {
			isa = XCBuildConfiguration;
			buildSettings = {
				BUNDLE_LOADER = "$(TEST_HOST)";
				FRAMEWORK_SEARCH_PATHS = (
					"$(SDKROOT)/Developer/Library/Frameworks",
					"$(inherited)",
				);
				GCC_PREPROCESSOR_DEFINITIONS = (
					"DEBUG=1",
					"$(inherited)",
				);
				INFOPLIST_FILE = OnTheMapTests/Info.plist;
				LD_RUNPATH_SEARCH_PATHS = "$(inherited) @executable_path/Frameworks @loader_path/Frameworks";
				PRODUCT_NAME = "$(TARGET_NAME)";
				TEST_HOST = "$(BUILT_PRODUCTS_DIR)/OnTheMap.app/OnTheMap";
			};
			name = Debug;
		};
		9E4161841B61855D009A9D30 /* Release */ = {
			isa = XCBuildConfiguration;
			buildSettings = {
				BUNDLE_LOADER = "$(TEST_HOST)";
				FRAMEWORK_SEARCH_PATHS = (
					"$(SDKROOT)/Developer/Library/Frameworks",
					"$(inherited)",
				);
				INFOPLIST_FILE = OnTheMapTests/Info.plist;
				LD_RUNPATH_SEARCH_PATHS = "$(inherited) @executable_path/Frameworks @loader_path/Frameworks";
				PRODUCT_NAME = "$(TARGET_NAME)";
				TEST_HOST = "$(BUILT_PRODUCTS_DIR)/OnTheMap.app/OnTheMap";
			};
			name = Release;
		};
/* End XCBuildConfiguration section */

/* Begin XCConfigurationList section */
		9E4161591B61855D009A9D30 /* Build configuration list for PBXProject "OnTheMap" */ = {
			isa = XCConfigurationList;
			buildConfigurations = (
				9E41617D1B61855D009A9D30 /* Debug */,
				9E41617E1B61855D009A9D30 /* Release */,
			);
			defaultConfigurationIsVisible = 0;
			defaultConfigurationName = Release;
		};
		9E41617F1B61855D009A9D30 /* Build configuration list for PBXNativeTarget "OnTheMap" */ = {
			isa = XCConfigurationList;
			buildConfigurations = (
				9E4161801B61855D009A9D30 /* Debug */,
				9E4161811B61855D009A9D30 /* Release */,
			);
			defaultConfigurationIsVisible = 0;
			defaultConfigurationName = Release;
		};
		9E4161821B61855D009A9D30 /* Build configuration list for PBXNativeTarget "OnTheMapTests" */ = {
			isa = XCConfigurationList;
			buildConfigurations = (
				9E4161831B61855D009A9D30 /* Debug */,
				9E4161841B61855D009A9D30 /* Release */,
			);
			defaultConfigurationIsVisible = 0;
			defaultConfigurationName = Release;
		};
/* End XCConfigurationList section */
	};
	rootObject = 9E4161561B61855D009A9D30 /* Project object */;
}
